
Microsoft Visual Studio Solution File, Format Version 12.00
# Visual Studio 15
VisualStudioVersion = 15.0.27428.2015
MinimumVisualStudioVersion = 10.0.40219.1
Project("{9A19103F-16F7-4668-BE54-9A1E7A4F7556}") = "aspnet_core_app", "aspnet_core_app\aspnet_core_app.csproj", "{31ED69BA-991E-4050-9DA6-8642F4CBEA5C}"
EndProject
Project("{FAE04EC0-301F-11D3-BF4B-00C04F79EFBC}") = "aspnet_core_api", "aspnet_core_api\aspnet_core_api.csproj", "{C79354EC-39E6-4259-9708-239EEC3B7851}"
EndProject
Global
	GlobalSection(SolutionConfigurationPlatforms) = preSolution
		Debug|Any CPU = Debug|Any CPU
		Release|Any CPU = Release|Any CPU
	EndGlobalSection
	GlobalSection(ProjectConfigurationPlatforms) = postSolution
		{31ED69BA-991E-4050-9DA6-8642F4CBEA5C}.Debug|Any CPU.ActiveCfg = Debug|Any CPU
		{31ED69BA-991E-4050-9DA6-8642F4CBEA5C}.Debug|Any CPU.Build.0 = Debug|Any CPU
		{31ED69BA-991E-4050-9DA6-8642F4CBEA5C}.Release|Any CPU.ActiveCfg = Release|Any CPU
		{31ED69BA-991E-4050-9DA6-8642F4CBEA5C}.Release|Any CPU.Build.0 = Release|Any CPU
		{C79354EC-39E6-4259-9708-239EEC3B7851}.Debug|Any CPU.ActiveCfg = Debug|Any CPU
		{C79354EC-39E6-4259-9708-239EEC3B7851}.Debug|Any CPU.Build.0 = Debug|Any CPU
		{C79354EC-39E6-4259-9708-239EEC3B7851}.Release|Any CPU.ActiveCfg = Release|Any CPU
		{C79354EC-39E6-4259-9708-239EEC3B7851}.Release|Any CPU.Build.0 = Release|Any CPU
	EndGlobalSection
	GlobalSection(SolutionProperties) = preSolution
		HideSolutionNode = FALSE
	EndGlobalSection
	GlobalSection(ExtensibilityGlobals) = postSolution
		SolutionGuid = {9DFEDBED-B483-49BD-9B10-A118A3F7E2FC}
	EndGlobalSection
EndGlobal
